# Generated by pub
# See https://www.dartlang.org/tools/pub/glossary#lockfile
packages:
  add_2_calendar:
    dependency: "direct main"
    description:
      name: add_2_calendar
      url: "https://pub.dartlang.org"
    source: hosted
    version: "1.2.2"
  async:
    dependency: transitive
    description:
      name: async
      url: "https://pub.dartlang.org"
    source: hosted
    version: "2.0.8"
  boolean_selector:
    dependency: transitive
    description:
      name: boolean_selector
      url: "https://pub.dartlang.org"
    source: hosted
    version: "1.0.4"
  cached_network_image:
    dependency: "direct main"
    description:
      name: cached_network_image
      url: "https://pub.dartlang.org"
    source: hosted
    version: "0.8.0"
  carousel_slider:
    dependency: "direct main"
    description:
      name: carousel_slider
      url: "https://pub.dartlang.org"
    source: hosted
    version: "1.3.0"
  charcode:
    dependency: transitive
    description:
      name: charcode
      url: "https://pub.dartlang.org"
    source: hosted
    version: "1.1.2"
  cloud_firestore:
    dependency: "direct main"
    description:
      name: cloud_firestore
      url: "https://pub.dartlang.org"
    source: hosted
    version: "0.10.1"
  collection:
    dependency: transitive
    description:
      name: collection
      url: "https://pub.dartlang.org"
    source: hosted
    version: "1.14.11"
  contact_picker:
    dependency: "direct main"
    description:
      name: contact_picker
      url: "https://pub.dartlang.org"
    source: hosted
    version: "0.0.2"
  convert:
    dependency: transitive
    description:
      name: convert
      url: "https://pub.dartlang.org"
    source: hosted
    version: "2.1.1"
  crypto:
    dependency: transitive
    description:
      name: crypto
      url: "https://pub.dartlang.org"
    source: hosted
    version: "2.0.6"
  date_utils:
    dependency: transitive
    description:
      name: date_utils
      url: "https://pub.dartlang.org"
    source: hosted
    version: "0.1.0+2"
  datetime_picker_formfield:
    dependency: "direct main"
    description:
      name: datetime_picker_formfield
      url: "https://pub.dartlang.org"
    source: hosted
    version: "0.1.8"
  firebase_admob:
    dependency: "direct main"
    description:
      name: firebase_admob
      url: "https://pub.dartlang.org"
    source: hosted
    version: "0.8.0+4"
  firebase_auth:
    dependency: "direct main"
    description:
      name: firebase_auth
      url: "https://pub.dartlang.org"
    source: hosted
    version: "0.9.0"
  firebase_core:
    dependency: transitive
    description:
      name: firebase_core
      url: "https://pub.dartlang.org"
    source: hosted
    version: "0.3.4"
  firebase_dynamic_links:
    dependency: "direct main"
    description:
      name: firebase_dynamic_links
      url: "https://pub.dartlang.org"
    source: hosted
    version: "0.2.1"
  firebase_messaging:
    dependency: "direct main"
    description:
      name: firebase_messaging
      url: "https://pub.dartlang.org"
    source: hosted
    version: "4.0.0+4"
  firebase_storage:
    dependency: "direct main"
    description:
      name: firebase_storage
      url: "https://pub.dartlang.org"
    source: hosted
    version: "2.1.1+2"
  flushbar:
    dependency: "direct main"
    description:
      name: flushbar
      url: "https://pub.dartlang.org"
    source: hosted
    version: "1.5.0"
  flutter:
    dependency: "direct main"
    description: flutter
    source: sdk
    version: "0.0.0"
  flutter_cache_manager:
    dependency: transitive
    description:
      name: flutter_cache_manager
      url: "https://pub.dartlang.org"
    source: hosted
    version: "0.3.2"
  flutter_datetime_picker:
    dependency: "direct main"
    description:
      name: flutter_datetime_picker
      url: "https://pub.dartlang.org"
    source: hosted
    version: "1.2.0"
  flutter_facebook_login:
    dependency: "direct main"
    description:
      name: flutter_facebook_login
      url: "https://pub.dartlang.org"
    source: hosted
    version: "1.1.1"
  flutter_google_places:
    dependency: "direct main"
    description:
      path: "."
      ref: HEAD
      resolved-ref: "08f1257165c114877acc4b4ec7a3dd1859eac683"
      url: "https://github.com/mukai154/flutter_google_places.git"
    source: git
    version: "0.2.2"
  flutter_image_compress:
    dependency: "direct main"
    description:
      name: flutter_image_compress
      url: "https://pub.dartlang.org"
    source: hosted
    version: "0.4.0"
  flutter_local_notifications:
    dependency: "direct main"
    description:
      name: flutter_local_notifications
      url: "https://pub.dartlang.org"
    source: hosted
    version: "0.7.0"
  flutter_masked_text:
    dependency: "direct main"
    description:
      name: flutter_masked_text
      url: "https://pub.dartlang.org"
    source: hosted
    version: "0.8.0"
  flutter_page_indicator:
    dependency: transitive
    description:
      name: flutter_page_indicator
      url: "https://pub.dartlang.org"
    source: hosted
    version: "0.0.3"
  flutter_sms:
    dependency: "direct main"
    description:
      name: flutter_sms
      url: "https://pub.dartlang.org"
    source: hosted
    version: "1.0.0"
  flutter_staggered_grid_view:
    dependency: "direct main"
    description:
      name: flutter_staggered_grid_view
      url: "https://pub.dartlang.org"
    source: hosted
    version: "0.2.7"
  flutter_swiper:
    dependency: "direct main"
    description:
      name: flutter_swiper
      url: "https://pub.dartlang.org"
    source: hosted
    version: "1.1.6"
  flutter_tags:
    dependency: "direct main"
    description:
      name: flutter_tags
      url: "https://pub.dartlang.org"
    source: hosted
    version: "0.3.0"
  flutter_test:
    dependency: "direct dev"
    description: flutter
    source: sdk
    version: "0.0.0"
  flutter_twitter_login:
    dependency: "direct main"
    description:
      path: "."
      ref: HEAD
      resolved-ref: "30d02e17f7e9853903409c16fc5e12bca9ec59f4"
      url: "https://github.com/mukai154/flutter_twitter_login.git"
    source: git
    version: "1.1.0"
  font_awesome_flutter:
    dependency: "direct main"
    description:
      name: font_awesome_flutter
      url: "https://pub.dartlang.org"
    source: hosted
    version: "8.4.0"
  geocoder:
    dependency: "direct main"
    description:
      name: geocoder
      url: "https://pub.dartlang.org"
    source: hosted
    version: "0.1.2"
  geoflutterfire:
    dependency: "direct main"
    description:
      name: geoflutterfire
      url: "https://pub.dartlang.org"
    source: hosted
    version: "2.0.3+3"
  google_maps_webservice:
    dependency: "direct main"
    description:
      name: google_maps_webservice
      url: "https://pub.dartlang.org"
    source: hosted
    version: "0.0.14"
  hidden_drawer_menu:
    dependency: "direct main"
    description:
      name: hidden_drawer_menu
      url: "https://pub.dartlang.org"
    source: hosted
    version: "1.0.1"
  http:
    dependency: transitive
    description:
      name: http
      url: "https://pub.dartlang.org"
    source: hosted
    version: "0.12.0+2"
  http_parser:
    dependency: transitive
    description:
      name: http_parser
      url: "https://pub.dartlang.org"
    source: hosted
    version: "3.1.3"
  image_cropper:
    dependency: "direct main"
    description:
      name: image_cropper
      url: "https://pub.dartlang.org"
    source: hosted
    version: "1.0.1"
  image_picker:
    dependency: "direct main"
    description:
      name: image_picker
      url: "https://pub.dartlang.org"
    source: hosted
    version: "0.6.0+2"
  intl:
    dependency: transitive
    description:
      name: intl
      url: "https://pub.dartlang.org"
    source: hosted
    version: "0.15.8"
  location:
    dependency: "direct main"
    description:
      name: location
      url: "https://pub.dartlang.org"
    source: hosted
    version: "2.3.5"
  matcher:
    dependency: transitive
    description:
      name: matcher
      url: "https://pub.dartlang.org"
    source: hosted
    version: "0.12.3+1"
  meta:
    dependency: transitive
    description:
      name: meta
      url: "https://pub.dartlang.org"
    source: hosted
    version: "1.1.6"
  path:
    dependency: transitive
    description:
      name: path
      url: "https://pub.dartlang.org"
    source: hosted
    version: "1.6.2"
  path_provider:
    dependency: transitive
    description:
      name: path_provider
      url: "https://pub.dartlang.org"
    source: hosted
    version: "0.5.0+1"
  pedantic:
    dependency: transitive
    description:
      name: pedantic
      url: "https://pub.dartlang.org"
    source: hosted
    version: "1.4.0"
  platform:
    dependency: transitive
    description:
      name: platform
      url: "https://pub.dartlang.org"
    source: hosted
    version: "2.2.0"
  pull_to_refresh:
    dependency: "direct main"
    description:
      name: pull_to_refresh
      url: "https://pub.dartlang.org"
    source: hosted
    version: "1.3.1"
  quiver:
    dependency: transitive
    description:
      name: quiver
      url: "https://pub.dartlang.org"
    source: hosted
    version: "2.0.1"
  rxdart:
    dependency: transitive
    description:
      name: rxdart
      url: "https://pub.dartlang.org"
    source: hosted
    version: "0.22.0"
  share:
    dependency: "direct main"
    description:
      name: share
      url: "https://pub.dartlang.org"
    source: hosted
    version: "0.6.1+1"
  simple_gesture_detector:
    dependency: transitive
    description:
      name: simple_gesture_detector
      url: "https://pub.dartlang.org"
    source: hosted
    version: "0.1.3"
  sky_engine:
    dependency: transitive
    description: flutter
    source: sdk
    version: "0.0.99"
  source_span:
    dependency: transitive
    description:
      name: source_span
      url: "https://pub.dartlang.org"
    source: hosted
    version: "1.5.4"
  sqflite:
    dependency: transitive
    description:
      name: sqflite
      url: "https://pub.dartlang.org"
    source: hosted
    version: "1.1.5"
  stack_trace:
    dependency: transitive
    description:
      name: stack_trace
      url: "https://pub.dartlang.org"
    source: hosted
    version: "1.9.3"
  stream_channel:
    dependency: transitive
    description:
      name: stream_channel
      url: "https://pub.dartlang.org"
    source: hosted
    version: "1.6.8"
  string_scanner:
    dependency: transitive
    description:
      name: string_scanner
      url: "https://pub.dartlang.org"
    source: hosted
    version: "1.0.4"
  synchronized:
    dependency: transitive
    description:
      name: synchronized
      url: "https://pub.dartlang.org"
    source: hosted
    version: "2.1.0"
  table_calendar:
    dependency: "direct main"
    description:
      name: table_calendar
      url: "https://pub.dartlang.org"
    source: hosted
    version: "1.2.0"
  term_glyph:
    dependency: transitive
    description:
      name: term_glyph
      url: "https://pub.dartlang.org"
    source: hosted
    version: "1.1.0"
  test_api:
    dependency: transitive
    description:
      name: test_api
      url: "https://pub.dartlang.org"
    source: hosted
    version: "0.2.2"
  transformer_page_view:
    dependency: transitive
    description:
      name: transformer_page_view
      url: "https://pub.dartlang.org"
    source: hosted
    version: "0.1.6"
  typed_data:
    dependency: transitive
    description:
      name: typed_data
      url: "https://pub.dartlang.org"
    source: hosted
    version: "1.1.6"
  url_launcher:
    dependency: "direct main"
    description:
      name: url_launcher
      url: "https://pub.dartlang.org"
    source: hosted
    version: "5.0.2"
  uuid:
    dependency: transitive
    description:
      name: uuid
      url: "https://pub.dartlang.org"
    source: hosted
    version: "2.0.1"
  vector_math:
    dependency: transitive
    description:
      name: vector_math
      url: "https://pub.dartlang.org"
    source: hosted
    version: "2.0.8"
sdks:
  dart: ">=2.1.0 <3.0.0"
  flutter: ">=1.2.1 <2.0.0"
